
Microsoft Visual Studio Solution File, Format Version 12.00
# Visual Studio 15
VisualStudioVersion = 15.0.28307.2092
MinimumVisualStudioVersion = 10.0.40219.1
Project("{FAE04EC0-301F-11D3-BF4B-00C04F79EFBC}") = "batterylogger", "batterylogger\batterylogger.csproj", "{F1FE6518-C402-4119-AFFC-F8E7A22B7C12}"
EndProject
Global
	GlobalSection(SolutionConfigurationPlatforms) = preSolution
		Debug|Any CPU = Debug|Any CPU
		Release|Any CPU = Release|Any CPU
	EndGlobalSection
	GlobalSection(ProjectConfigurationPlatforms) = postSolution
		{F1FE6518-C402-4119-AFFC-F8E7A22B7C12}.Debug|Any CPU.ActiveCfg = Debug|Any CPU
		{F1FE6518-C402-4119-AFFC-F8E7A22B7C12}.Debug|Any CPU.Build.0 = Debug|Any CPU
		{F1FE6518-C402-4119-AFFC-F8E7A22B7C12}.Release|Any CPU.ActiveCfg = Release|Any CPU
		{F1FE6518-C402-4119-AFFC-F8E7A22B7C12}.Release|Any CPU.Build.0 = Release|Any CPU
	EndGlobalSection
	GlobalSection(SolutionProperties) = preSolution
		HideSolutionNode = FALSE
	EndGlobalSection
	GlobalSection(ExtensibilityGlobals) = postSolution
		SolutionGuid = {A7549D0C-D145-439A-842C-EAB8D3328275}
	EndGlobalSection
EndGlobal
